
Microsoft Visual Studio Solution File, Format Version 12.00
# Visual Studio Version 17
VisualStudioVersion = 17.7.34003.232
MinimumVisualStudioVersion = 10.0.40219.1
Project("{9A19103F-16F7-4668-BE54-9A1E7A4F7556}") = "TANugget", "TANugget.csproj", "{31C47497-B2B4-45E7-90F2-E468156FC712}"
EndProject
Global
	GlobalSection(SolutionConfigurationPlatforms) = preSolution
		Debug|Any CPU = Debug|Any CPU
		Release|Any CPU = Release|Any CPU
	EndGlobalSection
	GlobalSection(ProjectConfigurationPlatforms) = postSolution
		{31C47497-B2B4-45E7-90F2-E468156FC712}.Debug|Any CPU.ActiveCfg = Debug|Any CPU
		{31C47497-B2B4-45E7-90F2-E468156FC712}.Debug|Any CPU.Build.0 = Debug|Any CPU
		{31C47497-B2B4-45E7-90F2-E468156FC712}.Release|Any CPU.ActiveCfg = Release|Any CPU
		{31C47497-B2B4-45E7-90F2-E468156FC712}.Release|Any CPU.Build.0 = Release|Any CPU
	EndGlobalSection
	GlobalSection(SolutionProperties) = preSolution
		HideSolutionNode = FALSE
	EndGlobalSection
	GlobalSection(ExtensibilityGlobals) = postSolution
		SolutionGuid = {54F63BDA-40A1-4879-9CD0-0A1927F1300F}
	EndGlobalSection
EndGlobal
